
Microsoft Visual Studio Solution File, Format Version 12.00
# Visual Studio Version 17
VisualStudioVersion = 17.5.002.0
MinimumVisualStudioVersion = 10.0.40219.1
Project("{9A19103F-16F7-4668-BE54-9A1E7A4F7556}") = "webapi", "webapi.csproj", "{8DA4D3B3-6BA4-4F3C-9A4D-71751A1D2766}"
EndProject
Global
	GlobalSection(SolutionConfigurationPlatforms) = preSolution
		Debug|Any CPU = Debug|Any CPU
		Release|Any CPU = Release|Any CPU
	EndGlobalSection
	GlobalSection(ProjectConfigurationPlatforms) = postSolution
		{8DA4D3B3-6BA4-4F3C-9A4D-71751A1D2766}.Debug|Any CPU.ActiveCfg = Debug|Any CPU
		{8DA4D3B3-6BA4-4F3C-9A4D-71751A1D2766}.Debug|Any CPU.Build.0 = Debug|Any CPU
		{8DA4D3B3-6BA4-4F3C-9A4D-71751A1D2766}.Release|Any CPU.ActiveCfg = Release|Any CPU
		{8DA4D3B3-6BA4-4F3C-9A4D-71751A1D2766}.Release|Any CPU.Build.0 = Release|Any CPU
	EndGlobalSection
	GlobalSection(SolutionProperties) = preSolution
		HideSolutionNode = FALSE
	EndGlobalSection
	GlobalSection(ExtensibilityGlobals) = postSolution
		SolutionGuid = {808A88B6-99B0-402B-8FD7-4E77CE127067}
	EndGlobalSection
EndGlobal
